
Microsoft Visual Studio Solution File, Format Version 12.00
# Visual Studio Version 16
VisualStudioVersion = 16.0.31205.134
MinimumVisualStudioVersion = 10.0.40219.1
Project("{FAE04EC0-301F-11D3-BF4B-00C04F79EFBC}") = "WebApplication1", "WebApplication1\WebApplication1.csproj", "{EA2188F2-7F86-49F8-889E-1C7DCB36DE18}"
EndProject
Global
	GlobalSection(SolutionConfigurationPlatforms) = preSolution
		Debug|Any CPU = Debug|Any CPU
		Release|Any CPU = Release|Any CPU
	EndGlobalSection
	GlobalSection(ProjectConfigurationPlatforms) = postSolution
		{EA2188F2-7F86-49F8-889E-1C7DCB36DE18}.Debug|Any CPU.ActiveCfg = Debug|Any CPU
		{EA2188F2-7F86-49F8-889E-1C7DCB36DE18}.Debug|Any CPU.Build.0 = Debug|Any CPU
		{EA2188F2-7F86-49F8-889E-1C7DCB36DE18}.Release|Any CPU.ActiveCfg = Release|Any CPU
		{EA2188F2-7F86-49F8-889E-1C7DCB36DE18}.Release|Any CPU.Build.0 = Release|Any CPU
	EndGlobalSection
	GlobalSection(SolutionProperties) = preSolution
		HideSolutionNode = FALSE
	EndGlobalSection
	GlobalSection(ExtensibilityGlobals) = postSolution
		SolutionGuid = {1B7702A8-12FA-4030-9529-7345657BAA18}
	EndGlobalSection
EndGlobal
